{
  "requires": true,
  "lockfileVersion": 1,
  "dependencies": {
    "ip": {
      "version": "1.1.5",
      "resolved": "http://registry.npm.taobao.org/ip/download/ip-1.1.5.tgz",
      "integrity": "sha1-vd7XARQpCCjAoDnnLvJfWq7ENUo="
    },
    "smart-buffer": {
      "version": "4.0.1",
      "resolved": "http://registry.npm.taobao.org/smart-buffer/download/smart-buffer-4.0.1.tgz",
      "integrity": "sha1-B+ocqNTbJOtMrIZTfX0YmVIhrOM="
    },
    "socks": {
      "version": "2.1.0",
      "resolved": "http://registry.npm.taobao.org/socks/download/socks-2.1.0.tgz",
      "integrity": "sha1-ViIQu4/Ca9PlWu0cuz/b5OPv1jo=",
      "requires": {
        "ip": "1.1.5",
        "smart-buffer": "4.0.1"
      }
    }
  }
}
